
Microsoft Visual Studio Solution File, Format Version 12.00
# Visual Studio Version 17
VisualStudioVersion = 17.1.31903.286
MinimumVisualStudioVersion = 10.0.40219.1
Project("{9A19103F-16F7-4668-BE54-9A1E7A4F7556}") = "Homework_19", "Homework_19.csproj", "{9B69E89E-A30B-4227-B6BC-E6EB82FFD3D0}"
EndProject
Project("{FAE04EC0-301F-11D3-BF4B-00C04F79EFBC}") = "Domain", "..\Domain\Domain.csproj", "{5A2247F4-CA45-45F8-95FE-E4774BE7F85C}"
EndProject
Global
	GlobalSection(SolutionConfigurationPlatforms) = preSolution
		Debug|Any CPU = Debug|Any CPU
		Release|Any CPU = Release|Any CPU
	EndGlobalSection
	GlobalSection(ProjectConfigurationPlatforms) = postSolution
		{9B69E89E-A30B-4227-B6BC-E6EB82FFD3D0}.Debug|Any CPU.ActiveCfg = Debug|Any CPU
		{9B69E89E-A30B-4227-B6BC-E6EB82FFD3D0}.Debug|Any CPU.Build.0 = Debug|Any CPU
		{9B69E89E-A30B-4227-B6BC-E6EB82FFD3D0}.Release|Any CPU.ActiveCfg = Release|Any CPU
		{9B69E89E-A30B-4227-B6BC-E6EB82FFD3D0}.Release|Any CPU.Build.0 = Release|Any CPU
		{5A2247F4-CA45-45F8-95FE-E4774BE7F85C}.Debug|Any CPU.ActiveCfg = Debug|Any CPU
		{5A2247F4-CA45-45F8-95FE-E4774BE7F85C}.Debug|Any CPU.Build.0 = Debug|Any CPU
		{5A2247F4-CA45-45F8-95FE-E4774BE7F85C}.Release|Any CPU.ActiveCfg = Release|Any CPU
		{5A2247F4-CA45-45F8-95FE-E4774BE7F85C}.Release|Any CPU.Build.0 = Release|Any CPU
	EndGlobalSection
	GlobalSection(SolutionProperties) = preSolution
		HideSolutionNode = FALSE
	EndGlobalSection
	GlobalSection(ExtensibilityGlobals) = postSolution
		SolutionGuid = {C7780605-8891-4BE1-A674-20F32DECBC60}
	EndGlobalSection
EndGlobal
