
Microsoft Visual Studio Solution File, Format Version 12.00
# Visual Studio Version 16
VisualStudioVersion = 16.0.30621.155
MinimumVisualStudioVersion = 10.0.40219.1
Project("{FAE04EC0-301F-11D3-BF4B-00C04F79EFBC}") = "Homework_12", "Homework_12.csproj", "{EB4AB323-9161-437A-8459-C800DF767DBB}"
EndProject
Global
	GlobalSection(SolutionConfigurationPlatforms) = preSolution
		Debug|Any CPU = Debug|Any CPU
		Release|Any CPU = Release|Any CPU
	EndGlobalSection
	GlobalSection(ProjectConfigurationPlatforms) = postSolution
		{EB4AB323-9161-437A-8459-C800DF767DBB}.Debug|Any CPU.ActiveCfg = Debug|Any CPU
		{EB4AB323-9161-437A-8459-C800DF767DBB}.Debug|Any CPU.Build.0 = Debug|Any CPU
		{EB4AB323-9161-437A-8459-C800DF767DBB}.Release|Any CPU.ActiveCfg = Release|Any CPU
		{EB4AB323-9161-437A-8459-C800DF767DBB}.Release|Any CPU.Build.0 = Release|Any CPU
	EndGlobalSection
	GlobalSection(SolutionProperties) = preSolution
		HideSolutionNode = FALSE
	EndGlobalSection
	GlobalSection(ExtensibilityGlobals) = postSolution
		SolutionGuid = {AC781FE5-2D3C-4934-ABC3-F6C2840FB9C5}
	EndGlobalSection
EndGlobal
