
Microsoft Visual Studio Solution File, Format Version 12.00
# Visual Studio Version 16
VisualStudioVersion = 16.0.30907.101
MinimumVisualStudioVersion = 10.0.40219.1
Project("{FAE04EC0-301F-11D3-BF4B-00C04F79EFBC}") = "Homework_14", "Homework_14.csproj", "{6918B232-101B-44ED-BC86-8304BEA85501}"
EndProject
Global
	GlobalSection(SolutionConfigurationPlatforms) = preSolution
		Debug|Any CPU = Debug|Any CPU
		Release|Any CPU = Release|Any CPU
	EndGlobalSection
	GlobalSection(ProjectConfigurationPlatforms) = postSolution
		{6918B232-101B-44ED-BC86-8304BEA85501}.Debug|Any CPU.ActiveCfg = Debug|Any CPU
		{6918B232-101B-44ED-BC86-8304BEA85501}.Debug|Any CPU.Build.0 = Debug|Any CPU
		{6918B232-101B-44ED-BC86-8304BEA85501}.Release|Any CPU.ActiveCfg = Release|Any CPU
		{6918B232-101B-44ED-BC86-8304BEA85501}.Release|Any CPU.Build.0 = Release|Any CPU
	EndGlobalSection
	GlobalSection(SolutionProperties) = preSolution
		HideSolutionNode = FALSE
	EndGlobalSection
	GlobalSection(ExtensibilityGlobals) = postSolution
		SolutionGuid = {1844A47F-238B-4EFF-A5F4-80D4DC7429A5}
	EndGlobalSection
EndGlobal
